
Microsoft Visual Studio Solution File, Format Version 12.00
# Visual Studio Version 17
VisualStudioVersion = 17.0.31903.59
MinimumVisualStudioVersion = 10.0.40219.1
Project("{FAE04EC0-301F-11D3-BF4B-00C04F79EFBC}") = "PrimitiveTextGame", "src\PrimitiveTextGame\PrimitiveTextGame.csproj", "{9DEEACD9-9D85-42DF-8236-9A10E79F00E3}"
EndProject
Project("{FAE04EC0-301F-11D3-BF4B-00C04F79EFBC}") = "PrimitiveTextGame.Telegram", "src\PrimitiveTextGame.Telegram\PrimitiveTextGame.Telegram.csproj", "{B9D05352-BE7D-4A2B-BB70-20AE98455A8B}"
EndProject
Global
	GlobalSection(SolutionConfigurationPlatforms) = preSolution
		Debug|Any CPU = Debug|Any CPU
		Release|Any CPU = Release|Any CPU
	EndGlobalSection
	GlobalSection(SolutionProperties) = preSolution
		HideSolutionNode = FALSE
	EndGlobalSection
	GlobalSection(ProjectConfigurationPlatforms) = postSolution
		{9DEEACD9-9D85-42DF-8236-9A10E79F00E3}.Debug|Any CPU.ActiveCfg = Debug|Any CPU
		{9DEEACD9-9D85-42DF-8236-9A10E79F00E3}.Debug|Any CPU.Build.0 = Debug|Any CPU
		{9DEEACD9-9D85-42DF-8236-9A10E79F00E3}.Release|Any CPU.ActiveCfg = Release|Any CPU
		{9DEEACD9-9D85-42DF-8236-9A10E79F00E3}.Release|Any CPU.Build.0 = Release|Any CPU
		{B9D05352-BE7D-4A2B-BB70-20AE98455A8B}.Debug|Any CPU.ActiveCfg = Debug|Any CPU
		{B9D05352-BE7D-4A2B-BB70-20AE98455A8B}.Debug|Any CPU.Build.0 = Debug|Any CPU
		{B9D05352-BE7D-4A2B-BB70-20AE98455A8B}.Release|Any CPU.ActiveCfg = Release|Any CPU
		{B9D05352-BE7D-4A2B-BB70-20AE98455A8B}.Release|Any CPU.Build.0 = Release|Any CPU
	EndGlobalSection
EndGlobal
